{
  "lockfileVersion": 1,
  "workspaces": {
    "": {
      "dependencies": {
        "@tresjs/cientos": "^4.3.1",
        "@tresjs/core": "^4.3.6",
        "@tresjs/leches": "^0.14.1",
        "@tresjs/post-processing": "^2.4.0",
        "@vueuse/core": "^13.9.0",
        "@vueuse/shared": "^13.9.0",
        "gsap": "^3.13.0",
        "postprocessing": "^6.37.7",
        "three": "^0.180.0",
      },
    },
  },
  "packages": {
    "@alvarosabu/utils": ["@alvarosabu/utils@3.2.0", "", {}, "sha512-aoGWRfaQjOo9TUwrBA6W0zwTHktgrXy69GIFNILT4gHsqscw6+X8P6uoSlZVQFr887SPm8x3aDin5EBVq8y4pw=="],

    "@babel/helper-string-parser": ["@babel/helper-string-parser@7.27.1", "", {}, "sha512-qMlSxKbpRlAridDExk92nSobyDdpPijUq2DW6oDnUqd0iOGxmQjyqhMIihI9+zv4LPyZdRje2cavWPbCbWm3eA=="],

    "@babel/helper-validator-identifier": ["@babel/helper-validator-identifier@7.27.1", "", {}, "sha512-D2hP9eA+Sqx1kBZgzxZh0y1trbuU+JoDkiEwqhQ36nodYqJwyEIhPSdMNd7lOm/4io72luTPWH20Yda0xOuUow=="],

    "@babel/parser": ["@babel/parser@7.28.3", "", { "dependencies": { "@babel/types": "^7.28.2" }, "bin": "./bin/babel-parser.js" }, "sha512-7+Ey1mAgYqFAx2h0RuoxcQT5+MlG3GTV0TQrgr7/ZliKsm/MNDxVVutlWaziMq7wJNAz8MTqz55XLpWvva6StA=="],

    "@babel/types": ["@babel/types@7.28.2", "", { "dependencies": { "@babel/helper-string-parser": "^7.27.1", "@babel/helper-validator-identifier": "^7.27.1" } }, "sha512-ruv7Ae4J5dUYULmeXw1gmb7rYRz57OWCPM57pHojnLq/3Z1CK2lNSLTCVjxVk1F/TZHwOZZrOWi0ur95BbLxNQ=="],

    "@dimforge/rapier3d-compat": ["@dimforge/rapier3d-compat@0.12.0", "", {}, "sha512-uekIGetywIgopfD97oDL5PfeezkFpNhwlzlaEYNOA0N6ghdsOvh/HYjSMek5Q2O1PYvRSDFcqFVJl4r4ZBwOow=="],

    "@jridgewell/sourcemap-codec": ["@jridgewell/sourcemap-codec@1.5.5", "", {}, "sha512-cYQ9310grqxueWbl+WuIUIaiUaDcj7WOq5fVhEljNVgRfOUhY9fy2zTvfoqWsnebh8Sl70VScFbICvJnLKB0Og=="],

    "@tresjs/cientos": ["@tresjs/cientos@4.3.1", "", { "dependencies": { "@vueuse/core": "^12.0.0", "camera-controls": "^2.9.0", "stats-gl": "^2.0.1", "stats.js": "^0.17.0", "three-custom-shader-material": "^5.4.0", "three-stdlib": "^2.34.0" }, "peerDependencies": { "@tresjs/core": ">=4.2.1", "three": ">=0.133", "vue": ">=3.3" } }, "sha512-3qp6lEtMrFdhxDuASP1Sz/hEi8+xcEpM6Vd6uDJysCh4uRAzyJLlBSbPoR7gVjN12wrhwJIF1AfYEFz/Vhz5ZQ=="],

    "@tresjs/core": ["@tresjs/core@4.3.6", "", { "dependencies": { "@alvarosabu/utils": "^3.2.0", "@vue/devtools-api": "^6.6.3", "@vueuse/core": "^12.5.0" }, "peerDependencies": { "three": ">=0.133", "vue": ">=3.4" } }, "sha512-CCk4+jwbiTl7Hj3REZqweglUQQdA3cF29TqJ4dEWunaBPyfsAGLTlJExK5lGIS10ptJkr8DqPvHQT41iTIb0Yg=="],

    "@tresjs/leches": ["@tresjs/leches@0.14.1", "", { "dependencies": { "@unocss/core": "^65.4.0", "@vueuse/components": "^12.4.0" }, "peerDependencies": { "vue": ">=3.3.4" } }, "sha512-mM5Z0FWseNw8v0pS4XueINE6VFicm1aTp/4b86wlAOAp7ximVAfVnRcUZfl5EbfuEm3R8f5Flefma5JVcQz0ew=="],

    "@tresjs/post-processing": ["@tresjs/post-processing@2.4.0", "", { "dependencies": { "@vueuse/core": "^12.5.0", "postprocessing": "^6.37.2" }, "peerDependencies": { "@tresjs/core": ">=4.0", "three": ">=0.169", "vue": ">=3.4" } }, "sha512-4l18DTLkn0Y/abyn+FD/gSJ6/SC01oXn+/qPgUxMgxZ8zGaw4PZbOi4yorhbSbOTp0gO4D1X7lNOvNUokqJwFw=="],

    "@tweenjs/tween.js": ["@tweenjs/tween.js@23.1.3", "", {}, "sha512-vJmvvwFxYuGnF2axRtPYocag6Clbb5YS7kLL+SO/TeVFzHqDIWrNKYtcsPMibjDx9O+bu+psAy9NKfWklassUA=="],

    "@types/draco3d": ["@types/draco3d@1.4.10", "", {}, "sha512-AX22jp8Y7wwaBgAixaSvkoG4M/+PlAcm3Qs4OW8yT9DM4xUpWKeFhLueTAyZF39pviAdcDdeJoACapiAceqNcw=="],

    "@types/offscreencanvas": ["@types/offscreencanvas@2019.7.3", "", {}, "sha512-ieXiYmgSRXUDeOntE1InxjWyvEelZGP63M+cGuquuRLuIKKT1osnkXjxev9B7d1nXSug5vpunx+gNlbVxMlC9A=="],

    "@types/stats.js": ["@types/stats.js@0.17.4", "", {}, "sha512-jIBvWWShCvlBqBNIZt0KAshWpvSjhkwkEu4ZUcASoAvhmrgAUI2t1dXrjSL4xXVLB4FznPrIsX3nKXFl/Dt4vA=="],

    "@types/three": ["@types/three@0.179.0", "", { "dependencies": { "@dimforge/rapier3d-compat": "~0.12.0", "@tweenjs/tween.js": "~23.1.3", "@types/stats.js": "*", "@types/webxr": "*", "@webgpu/types": "*", "fflate": "~0.8.2", "meshoptimizer": "~0.22.0" } }, "sha512-VgbFG2Pgsm84BqdegZzr7w2aKbQxmgzIu4Dy7/75ygiD/0P68LKmp5ie08KMPNqGTQwIge8s6D1guZf1RnZE0A=="],

    "@types/web-bluetooth": ["@types/web-bluetooth@0.0.21", "", {}, "sha512-oIQLCGWtcFZy2JW77j9k8nHzAOpqMHLQejDA48XXMWH6tjCQHz5RCFz1bzsmROyL6PUm+LLnUiI4BCn221inxA=="],

    "@types/webxr": ["@types/webxr@0.5.23", "", {}, "sha512-GPe4AsfOSpqWd3xA/0gwoKod13ChcfV67trvxaW2krUbgb9gxQjnCx8zGshzMl8LSHZlNH5gQ8LNScsDuc7nGQ=="],

    "@unocss/core": ["@unocss/core@65.5.0", "", {}, "sha512-XYWdS09M2XOjZNDotGhI2TIW/6duLNiyssopwjCbv4AlPklF0bZI86SKI55syYDBt6GRadoQbuvUkhSiTV/hzQ=="],

    "@vue/compiler-core": ["@vue/compiler-core@3.5.20", "", { "dependencies": { "@babel/parser": "^7.28.3", "@vue/shared": "3.5.20", "entities": "^4.5.0", "estree-walker": "^2.0.2", "source-map-js": "^1.2.1" } }, "sha512-8TWXUyiqFd3GmP4JTX9hbiTFRwYHgVL/vr3cqhr4YQ258+9FADwvj7golk2sWNGHR67QgmCZ8gz80nQcMokhwg=="],

    "@vue/compiler-dom": ["@vue/compiler-dom@3.5.20", "", { "dependencies": { "@vue/compiler-core": "3.5.20", "@vue/shared": "3.5.20" } }, "sha512-whB44M59XKjqUEYOMPYU0ijUV0G+4fdrHVKDe32abNdX/kJe1NUEMqsi4cwzXa9kyM9w5S8WqFsrfo1ogtBZGQ=="],

    "@vue/compiler-sfc": ["@vue/compiler-sfc@3.5.20", "", { "dependencies": { "@babel/parser": "^7.28.3", "@vue/compiler-core": "3.5.20", "@vue/compiler-dom": "3.5.20", "@vue/compiler-ssr": "3.5.20", "@vue/shared": "3.5.20", "estree-walker": "^2.0.2", "magic-string": "^0.30.17", "postcss": "^8.5.6", "source-map-js": "^1.2.1" } }, "sha512-SFcxapQc0/feWiSBfkGsa1v4DOrnMAQSYuvDMpEaxbpH5dKbnEM5KobSNSgU+1MbHCl+9ftm7oQWxvwDB6iBfw=="],

    "@vue/compiler-ssr": ["@vue/compiler-ssr@3.5.20", "", { "dependencies": { "@vue/compiler-dom": "3.5.20", "@vue/shared": "3.5.20" } }, "sha512-RSl5XAMc5YFUXpDQi+UQDdVjH9FnEpLDHIALg5J0ITHxkEzJ8uQLlo7CIbjPYqmZtt6w0TsIPbo1izYXwDG7JA=="],

    "@vue/devtools-api": ["@vue/devtools-api@6.6.4", "", {}, "sha512-sGhTPMuXqZ1rVOk32RylztWkfXTRhuS7vgAKv0zjqk8gbsHkJ7xfFf+jbySxt7tWObEJwyKaHMikV/WGDiQm8g=="],

    "@vue/reactivity": ["@vue/reactivity@3.5.20", "", { "dependencies": { "@vue/shared": "3.5.20" } }, "sha512-hS8l8x4cl1fmZpSQX/NXlqWKARqEsNmfkwOIYqtR2F616NGfsLUm0G6FQBK6uDKUCVyi1YOL8Xmt/RkZcd/jYQ=="],

    "@vue/runtime-core": ["@vue/runtime-core@3.5.20", "", { "dependencies": { "@vue/reactivity": "3.5.20", "@vue/shared": "3.5.20" } }, "sha512-vyQRiH5uSZlOa+4I/t4Qw/SsD/gbth0SW2J7oMeVlMFMAmsG1rwDD6ok0VMmjXY3eI0iHNSSOBilEDW98PLRKw=="],

    "@vue/runtime-dom": ["@vue/runtime-dom@3.5.20", "", { "dependencies": { "@vue/reactivity": "3.5.20", "@vue/runtime-core": "3.5.20", "@vue/shared": "3.5.20", "csstype": "^3.1.3" } }, "sha512-KBHzPld/Djw3im0CQ7tGCpgRedryIn4CcAl047EhFTCCPT2xFf4e8j6WeKLgEEoqPSl9TYqShc3Q6tpWpz/Xgw=="],

    "@vue/server-renderer": ["@vue/server-renderer@3.5.20", "", { "dependencies": { "@vue/compiler-ssr": "3.5.20", "@vue/shared": "3.5.20" }, "peerDependencies": { "vue": "3.5.20" } }, "sha512-HthAS0lZJDH21HFJBVNTtx+ULcIbJQRpjSVomVjfyPkFSpCwvsPTA+jIzOaUm3Hrqx36ozBHePztQFg6pj5aKg=="],

    "@vue/shared": ["@vue/shared@3.5.20", "", {}, "sha512-SoRGP596KU/ig6TfgkCMbXkr4YJ91n/QSdMuqeP5r3hVIYA3CPHUBCc7Skak0EAKV+5lL4KyIh61VA/pK1CIAA=="],

    "@vueuse/components": ["@vueuse/components@12.8.2", "", { "dependencies": { "@vueuse/core": "12.8.2", "@vueuse/shared": "12.8.2", "vue": "^3.5.13" } }, "sha512-Nj27u1KsDWzoTthlChzVndJ9g0sW5APCXO3EJkSxlG11nN/ANTUlPPeoJOFvtbdDRnvsMJalboJyE0rRyg7yNg=="],

    "@vueuse/core": ["@vueuse/core@13.9.0", "", { "dependencies": { "@types/web-bluetooth": "^0.0.21", "@vueuse/metadata": "13.9.0", "@vueuse/shared": "13.9.0" }, "peerDependencies": { "vue": "^3.5.0" } }, "sha512-ts3regBQyURfCE2BcytLqzm8+MmLlo5Ln/KLoxDVcsZ2gzIwVNnQpQOL/UKV8alUqjSZOlpFZcRNsLRqj+OzyA=="],

    "@vueuse/metadata": ["@vueuse/metadata@13.9.0", "", {}, "sha512-1AFRvuiGphfF7yWixZa0KwjYH8ulyjDCC0aFgrGRz8+P4kvDFSdXLVfTk5xAN9wEuD1J6z4/myMoYbnHoX07zg=="],

    "@vueuse/shared": ["@vueuse/shared@13.9.0", "", { "peerDependencies": { "vue": "^3.5.0" } }, "sha512-e89uuTLMh0U5cZ9iDpEI2senqPGfbPRTHM/0AaQkcxnpqjkZqDYP8rpfm7edOz8s+pOCOROEy1PIveSW8+fL5g=="],

    "@webgpu/types": ["@webgpu/types@0.1.64", "", {}, "sha512-84kRIAGV46LJTlJZWxShiOrNL30A+9KokD7RB3dRCIqODFjodS5tCD5yyiZ8kIReGVZSDfA3XkkwyyOIF6K62A=="],

    "camera-controls": ["camera-controls@2.10.1", "", { "peerDependencies": { "three": ">=0.126.1" } }, "sha512-KnaKdcvkBJ1Irbrzl8XD6WtZltkRjp869Jx8c0ujs9K+9WD+1D7ryBsCiVqJYUqt6i/HR5FxT7RLASieUD+Q5w=="],

    "core-util-is": ["core-util-is@1.0.3", "", {}, "sha512-ZQBvi1DcpJ4GDqanjucZ2Hj3wEO5pZDS89BWbkcrvdxksJorwUDDZamX9ldFkp9aw2lmBDLgkObEA4DWNJ9FYQ=="],

    "csstype": ["csstype@3.1.3", "", {}, "sha512-M1uQkMl8rQK/szD0LNhtqxIPLpimGm8sOBwU7lLnCpSbTyY3yeU1Vc7l4KT5zT4s/yOxHH5O7tIuuLOCnLADRw=="],

    "draco3d": ["draco3d@1.5.7", "", {}, "sha512-m6WCKt/erDXcw+70IJXnG7M3awwQPAsZvJGX5zY7beBqpELw6RDGkYVU0W43AFxye4pDZ5i2Lbyc/NNGqwjUVQ=="],

    "entities": ["entities@4.5.0", "", {}, "sha512-V0hjH4dGPh9Ao5p0MoRY6BVqtwCjhz6vI5LT8AJ55H+4g9/4vbHx1I54fS0XuclLhDHArPQCiMjDxjaL8fPxhw=="],

    "estree-walker": ["estree-walker@2.0.2", "", {}, "sha512-Rfkk/Mp/DL7JVje3u18FxFujQlTNR2q6QfMSMB7AvCBx91NGj/ba3kCfza0f6dVDbw7YlRf/nDrn7pQrCCyQ/w=="],

    "fflate": ["fflate@0.6.10", "", {}, "sha512-IQrh3lEPM93wVCEczc9SaAOvkmcoQn/G8Bo1e8ZPlY3X3bnAxWaBdvTdvM1hP62iZp0BXWDy4vTAy4fF0+Dlpg=="],

    "glsl-token-functions": ["glsl-token-functions@1.0.1", "", {}, "sha512-EigGhp1g+aUVeUNY7H1o5tL/bnwIB3/FcRREPr2E7Du+/UDXN24hDkaZ3e4aWHDjHr9lJ6YHXMISkwhUYg9UOg=="],

    "glsl-token-string": ["glsl-token-string@1.0.1", "", {}, "sha512-1mtQ47Uxd47wrovl+T6RshKGkRRCYWhnELmkEcUAPALWGTFe2XZpH3r45XAwL2B6v+l0KNsCnoaZCSnhzKEksg=="],

    "glsl-tokenizer": ["glsl-tokenizer@2.1.5", "", { "dependencies": { "through2": "^0.6.3" } }, "sha512-XSZEJ/i4dmz3Pmbnpsy3cKh7cotvFlBiZnDOwnj/05EwNp2XrhQ4XKJxT7/pDt4kp4YcpRSKz8eTV7S+mwV6MA=="],

    "gsap": ["gsap@3.13.0", "", {}, "sha512-QL7MJ2WMjm1PHWsoFrAQH/J8wUeqZvMtHO58qdekHpCfhvhSL4gSiz6vJf5EeMP0LOn3ZCprL2ki/gjED8ghVw=="],

    "inherits": ["inherits@2.0.4", "", {}, "sha512-k/vGaX4/Yla3WzyMCvTQOXYeIHvqOKtnqBduzTHpzpQZzAskKMhZ2K+EnBiSM9zGSoIFeMpXKxa4dYeZIQqewQ=="],

    "isarray": ["isarray@0.0.1", "", {}, "sha512-D2S+3GLxWH+uhrNEcoh/fnmYeP8E8/zHl644d/jdA0g2uyXvy3sb0qxotE+ne0LtccHknQzWwZEzhak7oJ0COQ=="],

    "magic-string": ["magic-string@0.30.18", "", { "dependencies": { "@jridgewell/sourcemap-codec": "^1.5.5" } }, "sha512-yi8swmWbO17qHhwIBNeeZxTceJMeBvWJaId6dyvTSOwTipqeHhMhOrz6513r1sOKnpvQ7zkhlG8tPrpilwTxHQ=="],

    "meshoptimizer": ["meshoptimizer@0.22.0", "", {}, "sha512-IebiK79sqIy+E4EgOr+CAw+Ke8hAspXKzBd0JdgEmPHiAwmvEj2S4h1rfvo+o/BnfEYd/jAOg5IeeIjzlzSnDg=="],

    "nanoid": ["nanoid@3.3.11", "", { "bin": { "nanoid": "bin/nanoid.cjs" } }, "sha512-N8SpfPUnUp1bK+PMYW8qSWdl9U+wwNWI4QKxOYDy9JAro3WMX7p2OeVRF9v+347pnakNevPmiHhNmZ2HbFA76w=="],

    "object-hash": ["object-hash@3.0.0", "", {}, "sha512-RSn9F68PjH9HqtltsSnqYC1XXoWe9Bju5+213R98cNGttag9q9yAOTzdbsqvIa7aNm5WffBZFpWYr2aWrklWAw=="],

    "picocolors": ["picocolors@1.1.1", "", {}, "sha512-xceH2snhtb5M9liqDsmEw56le376mTZkEX/jEb/RxNFyegNul7eNslCXP9FDj/Lcu0X8KEyMceP2ntpaHrDEVA=="],

    "postcss": ["postcss@8.5.6", "", { "dependencies": { "nanoid": "^3.3.11", "picocolors": "^1.1.1", "source-map-js": "^1.2.1" } }, "sha512-3Ybi1tAuwAP9s0r1UQ2J4n5Y0G05bJkpUIO0/bI9MhwmD70S5aTWbXGBwxHrelT+XM1k6dM0pk+SwNkpTRN7Pg=="],

    "postprocessing": ["postprocessing@6.37.7", "", { "peerDependencies": { "three": ">= 0.157.0 < 0.180.0" } }, "sha512-3mXzCyhHQvw6cMQKzvHUzQVsy21yC3PZMIeH7KUjx+EVqLWRFPnARh4DEnnFJ+tE08mmIHrrN7UtxVR1Gxbokw=="],

    "potpack": ["potpack@1.0.2", "", {}, "sha512-choctRBIV9EMT9WGAZHn3V7t0Z2pMQyl0EZE6pFc/6ml3ssw7Dlf/oAOvFwjm1HVsqfQN8GfeFyJ+d8tRzqueQ=="],

    "readable-stream": ["readable-stream@1.0.34", "", { "dependencies": { "core-util-is": "~1.0.0", "inherits": "~2.0.1", "isarray": "0.0.1", "string_decoder": "~0.10.x" } }, "sha512-ok1qVCJuRkNmvebYikljxJA/UEsKwLl2nI1OmaqAu4/UE+h0wKCHok4XkL/gvi39OacXvw59RJUOFUkDib2rHg=="],

    "source-map-js": ["source-map-js@1.2.1", "", {}, "sha512-UXWMKhLOwVKb728IUtQPXxfYU+usdybtUrK/8uGE8CQMvrhOpwvzDBwj0QhSL7MQc7vIsISBG8VQ8+IDQxpfQA=="],

    "stats-gl": ["stats-gl@2.4.2", "", { "dependencies": { "@types/three": "*", "three": "^0.170.0" } }, "sha512-g5O9B0hm9CvnM36+v7SFl39T7hmAlv541tU81ME8YeSb3i1CIP5/QdDeSB3A0la0bKNHpxpwxOVRo2wFTYEosQ=="],

    "stats.js": ["stats.js@0.17.0", "", {}, "sha512-hNKz8phvYLPEcRkeG1rsGmV5ChMjKDAWU7/OJJdDErPBNChQXxCo3WZurGpnWc6gZhAzEPFad1aVgyOANH1sMw=="],

    "string_decoder": ["string_decoder@0.10.31", "", {}, "sha512-ev2QzSzWPYmy9GuqfIVildA4OdcGLeFZQrq5ys6RtiuF+RQQiZWr8TZNyAcuVXyQRYfEO+MsoB/1BuQVhOJuoQ=="],

    "three": ["three@0.180.0", "", {}, "sha512-o+qycAMZrh+TsE01GqWUxUIKR1AL0S8pq7zDkYOQw8GqfX8b8VoCKYUoHbhiX5j+7hr8XsuHDVU6+gkQJQKg9w=="],

    "three-custom-shader-material": ["three-custom-shader-material@5.4.0", "", { "dependencies": { "glsl-token-functions": "^1.0.1", "glsl-token-string": "^1.0.1", "glsl-tokenizer": "^2.1.5", "object-hash": "^3.0.0" }, "peerDependencies": { "@react-three/fiber": ">=8.0", "react": ">=18.0", "three": ">=0.154" }, "optionalPeers": ["@react-three/fiber", "react"] }, "sha512-Yn1lFlKOk3Vul3npEGAmbbFUZ5S2+yjPgM2XqJEZEYRSUUH2vk+WVYrtTB6Bcq15wa7hLUXAKoctAvbRmBmbYA=="],

    "three-stdlib": ["three-stdlib@2.36.0", "", { "dependencies": { "@types/draco3d": "^1.4.0", "@types/offscreencanvas": "^2019.6.4", "@types/webxr": "^0.5.2", "draco3d": "^1.4.1", "fflate": "^0.6.9", "potpack": "^1.0.1" }, "peerDependencies": { "three": ">=0.128.0" } }, "sha512-kv0Byb++AXztEGsULgMAs8U2jgUdz6HPpAB/wDJnLiLlaWQX2APHhiTJIN7rqW+Of0eRgcp7jn05U1BsCP3xBA=="],

    "through2": ["through2@0.6.5", "", { "dependencies": { "readable-stream": ">=1.0.33-1 <1.1.0-0", "xtend": ">=4.0.0 <4.1.0-0" } }, "sha512-RkK/CCESdTKQZHdmKICijdKKsCRVHs5KsLZ6pACAmF/1GPUQhonHSXWNERctxEp7RmvjdNbZTL5z9V7nSCXKcg=="],

    "vue": ["vue@3.5.20", "", { "dependencies": { "@vue/compiler-dom": "3.5.20", "@vue/compiler-sfc": "3.5.20", "@vue/runtime-dom": "3.5.20", "@vue/server-renderer": "3.5.20", "@vue/shared": "3.5.20" }, "peerDependencies": { "typescript": "*" }, "optionalPeers": ["typescript"] }, "sha512-2sBz0x/wis5TkF1XZ2vH25zWq3G1bFEPOfkBcx2ikowmphoQsPH6X0V3mmPCXA2K1N/XGTnifVyDQP4GfDDeQw=="],

    "xtend": ["xtend@4.0.2", "", {}, "sha512-LKYU1iAXJXUgAXn9URjiu+MWhyUXHsvfp7mcuYm9dSUKK0/CjtrUwFAxD82/mCWbtLsGjFIad0wIsod4zrTAEQ=="],

    "@tresjs/cientos/@vueuse/core": ["@vueuse/core@12.8.2", "", { "dependencies": { "@types/web-bluetooth": "^0.0.21", "@vueuse/metadata": "12.8.2", "@vueuse/shared": "12.8.2", "vue": "^3.5.13" } }, "sha512-HbvCmZdzAu3VGi/pWYm5Ut+Kd9mn1ZHnn4L5G8kOQTPs/IwIAmJoBrmYk2ckLArgMXZj0AW3n5CAejLUO+PhdQ=="],

    "@tresjs/core/@vueuse/core": ["@vueuse/core@12.8.2", "", { "dependencies": { "@types/web-bluetooth": "^0.0.21", "@vueuse/metadata": "12.8.2", "@vueuse/shared": "12.8.2", "vue": "^3.5.13" } }, "sha512-HbvCmZdzAu3VGi/pWYm5Ut+Kd9mn1ZHnn4L5G8kOQTPs/IwIAmJoBrmYk2ckLArgMXZj0AW3n5CAejLUO+PhdQ=="],

    "@tresjs/post-processing/@vueuse/core": ["@vueuse/core@12.8.2", "", { "dependencies": { "@types/web-bluetooth": "^0.0.21", "@vueuse/metadata": "12.8.2", "@vueuse/shared": "12.8.2", "vue": "^3.5.13" } }, "sha512-HbvCmZdzAu3VGi/pWYm5Ut+Kd9mn1ZHnn4L5G8kOQTPs/IwIAmJoBrmYk2ckLArgMXZj0AW3n5CAejLUO+PhdQ=="],

    "@types/three/fflate": ["fflate@0.8.2", "", {}, "sha512-cPJU47OaAoCbg0pBvzsgpTPhmhqI5eJjh/JIu8tPj5q+T7iLvW/JAYUqmE7KOB4R1ZyEhzBaIQpQpardBF5z8A=="],

    "@vueuse/components/@vueuse/core": ["@vueuse/core@12.8.2", "", { "dependencies": { "@types/web-bluetooth": "^0.0.21", "@vueuse/metadata": "12.8.2", "@vueuse/shared": "12.8.2", "vue": "^3.5.13" } }, "sha512-HbvCmZdzAu3VGi/pWYm5Ut+Kd9mn1ZHnn4L5G8kOQTPs/IwIAmJoBrmYk2ckLArgMXZj0AW3n5CAejLUO+PhdQ=="],

    "@vueuse/components/@vueuse/shared": ["@vueuse/shared@12.8.2", "", { "dependencies": { "vue": "^3.5.13" } }, "sha512-dznP38YzxZoNloI0qpEfpkms8knDtaoQ6Y/sfS0L7Yki4zh40LFHEhur0odJC6xTHG5dxWVPiUWBXn+wCG2s5w=="],

    "stats-gl/three": ["three@0.170.0", "", {}, "sha512-FQK+LEpYc0fBD+J8g6oSEyyNzjp+Q7Ks1C568WWaoMRLW+TkNNWmenWeGgJjV105Gd+p/2ql1ZcjYvNiPZBhuQ=="],

    "@tresjs/cientos/@vueuse/core/@vueuse/metadata": ["@vueuse/metadata@12.8.2", "", {}, "sha512-rAyLGEuoBJ/Il5AmFHiziCPdQzRt88VxR+Y/A/QhJ1EWtWqPBBAxTAFaSkviwEuOEZNtW8pvkPgoCZQ+HxqW1A=="],

    "@tresjs/cientos/@vueuse/core/@vueuse/shared": ["@vueuse/shared@12.8.2", "", { "dependencies": { "vue": "^3.5.13" } }, "sha512-dznP38YzxZoNloI0qpEfpkms8knDtaoQ6Y/sfS0L7Yki4zh40LFHEhur0odJC6xTHG5dxWVPiUWBXn+wCG2s5w=="],

    "@tresjs/core/@vueuse/core/@vueuse/metadata": ["@vueuse/metadata@12.8.2", "", {}, "sha512-rAyLGEuoBJ/Il5AmFHiziCPdQzRt88VxR+Y/A/QhJ1EWtWqPBBAxTAFaSkviwEuOEZNtW8pvkPgoCZQ+HxqW1A=="],

    "@tresjs/core/@vueuse/core/@vueuse/shared": ["@vueuse/shared@12.8.2", "", { "dependencies": { "vue": "^3.5.13" } }, "sha512-dznP38YzxZoNloI0qpEfpkms8knDtaoQ6Y/sfS0L7Yki4zh40LFHEhur0odJC6xTHG5dxWVPiUWBXn+wCG2s5w=="],

    "@tresjs/post-processing/@vueuse/core/@vueuse/metadata": ["@vueuse/metadata@12.8.2", "", {}, "sha512-rAyLGEuoBJ/Il5AmFHiziCPdQzRt88VxR+Y/A/QhJ1EWtWqPBBAxTAFaSkviwEuOEZNtW8pvkPgoCZQ+HxqW1A=="],

    "@tresjs/post-processing/@vueuse/core/@vueuse/shared": ["@vueuse/shared@12.8.2", "", { "dependencies": { "vue": "^3.5.13" } }, "sha512-dznP38YzxZoNloI0qpEfpkms8knDtaoQ6Y/sfS0L7Yki4zh40LFHEhur0odJC6xTHG5dxWVPiUWBXn+wCG2s5w=="],

    "@vueuse/components/@vueuse/core/@vueuse/metadata": ["@vueuse/metadata@12.8.2", "", {}, "sha512-rAyLGEuoBJ/Il5AmFHiziCPdQzRt88VxR+Y/A/QhJ1EWtWqPBBAxTAFaSkviwEuOEZNtW8pvkPgoCZQ+HxqW1A=="],
  }
}
